
Microsoft Visual Studio Solution File, Format Version 12.00
# Visual Studio 15
VisualStudioVersion = 15.0.28307.271
MinimumVisualStudioVersion = 10.0.40219.1
Project("{FAE04EC0-301F-11D3-BF4B-00C04F79EFBC}") = "COMP123-S2019-Lesson7C", "COMP123-S2019-Lesson7C\COMP123-S2019-Lesson7C.csproj", "{1437EF93-12EF-4A13-B0B5-27C817B581DD}"
EndProject
Global
	GlobalSection(SolutionConfigurationPlatforms) = preSolution
		Debug|Any CPU = Debug|Any CPU
		Release|Any CPU = Release|Any CPU
	EndGlobalSection
	GlobalSection(ProjectConfigurationPlatforms) = postSolution
		{1437EF93-12EF-4A13-B0B5-27C817B581DD}.Debug|Any CPU.ActiveCfg = Debug|Any CPU
		{1437EF93-12EF-4A13-B0B5-27C817B581DD}.Debug|Any CPU.Build.0 = Debug|Any CPU
		{1437EF93-12EF-4A13-B0B5-27C817B581DD}.Release|Any CPU.ActiveCfg = Release|Any CPU
		{1437EF93-12EF-4A13-B0B5-27C817B581DD}.Release|Any CPU.Build.0 = Release|Any CPU
	EndGlobalSection
	GlobalSection(SolutionProperties) = preSolution
		HideSolutionNode = FALSE
	EndGlobalSection
	GlobalSection(ExtensibilityGlobals) = postSolution
		SolutionGuid = {E2B054DA-C54A-451B-80AB-15EF4D22E380}
	EndGlobalSection
EndGlobal
